
Microsoft Visual Studio Solution File, Format Version 12.00
# Visual Studio Version 16
VisualStudioVersion = 16.0.30002.166
MinimumVisualStudioVersion = 10.0.40219.1
Project("{FAE04EC0-301F-11D3-BF4B-00C04F79EFBC}") = "HttpWebReqInterceptor", "HttpWebReqInterceptor.csproj", "{2991368D-279A-4B61-A10B-5C9DC1E9AA23}"
EndProject
Global
	GlobalSection(SolutionConfigurationPlatforms) = preSolution
		Debug|Any CPU = Debug|Any CPU
		Release|Any CPU = Release|Any CPU
	EndGlobalSection
	GlobalSection(ProjectConfigurationPlatforms) = postSolution
		{2991368D-279A-4B61-A10B-5C9DC1E9AA23}.Debug|Any CPU.ActiveCfg = Debug|Any CPU
		{2991368D-279A-4B61-A10B-5C9DC1E9AA23}.Debug|Any CPU.Build.0 = Debug|Any CPU
		{2991368D-279A-4B61-A10B-5C9DC1E9AA23}.Release|Any CPU.ActiveCfg = Release|Any CPU
		{2991368D-279A-4B61-A10B-5C9DC1E9AA23}.Release|Any CPU.Build.0 = Release|Any CPU
	EndGlobalSection
	GlobalSection(SolutionProperties) = preSolution
		HideSolutionNode = FALSE
	EndGlobalSection
	GlobalSection(ExtensibilityGlobals) = postSolution
		SolutionGuid = {80E187C7-C2E0-44AE-8B98-90BF48984F21}
	EndGlobalSection
EndGlobal
